
Microsoft Visual Studio Solution File, Format Version 12.00
# Visual Studio Version 17
VisualStudioVersion = 17.13.35825.156
MinimumVisualStudioVersion = 10.0.40219.1
Project("{FAE04EC0-301F-11D3-BF4B-00C04F79EFBC}") = "pokedex-web", "pokedex-web\pokedex-web.csproj", "{14473352-2CD1-43E9-96BE-B4EB82132795}"
EndProject
Project("{FAE04EC0-301F-11D3-BF4B-00C04F79EFBC}") = "dominio", "..\..\Proyectos Personales Santiago Gimenez\Pokemones\dominio\dominio.csproj", "{29D629B1-6CAA-48CF-8797-05A6738BEA98}"
EndProject
Project("{FAE04EC0-301F-11D3-BF4B-00C04F79EFBC}") = "negocio", "..\..\Proyectos Personales Santiago Gimenez\Pokemones\negocio\negocio.csproj", "{1E8771FB-0AC9-47EA-908A-A033D270E44F}"
EndProject
Global
	GlobalSection(SolutionConfigurationPlatforms) = preSolution
		Debug|Any CPU = Debug|Any CPU
		Release|Any CPU = Release|Any CPU
	EndGlobalSection
	GlobalSection(ProjectConfigurationPlatforms) = postSolution
		{14473352-2CD1-43E9-96BE-B4EB82132795}.Debug|Any CPU.ActiveCfg = Debug|Any CPU
		{14473352-2CD1-43E9-96BE-B4EB82132795}.Debug|Any CPU.Build.0 = Debug|Any CPU
		{14473352-2CD1-43E9-96BE-B4EB82132795}.Release|Any CPU.ActiveCfg = Release|Any CPU
		{14473352-2CD1-43E9-96BE-B4EB82132795}.Release|Any CPU.Build.0 = Release|Any CPU
		{29D629B1-6CAA-48CF-8797-05A6738BEA98}.Debug|Any CPU.ActiveCfg = Debug|Any CPU
		{29D629B1-6CAA-48CF-8797-05A6738BEA98}.Debug|Any CPU.Build.0 = Debug|Any CPU
		{29D629B1-6CAA-48CF-8797-05A6738BEA98}.Release|Any CPU.ActiveCfg = Release|Any CPU
		{29D629B1-6CAA-48CF-8797-05A6738BEA98}.Release|Any CPU.Build.0 = Release|Any CPU
		{1E8771FB-0AC9-47EA-908A-A033D270E44F}.Debug|Any CPU.ActiveCfg = Debug|Any CPU
		{1E8771FB-0AC9-47EA-908A-A033D270E44F}.Debug|Any CPU.Build.0 = Debug|Any CPU
		{1E8771FB-0AC9-47EA-908A-A033D270E44F}.Release|Any CPU.ActiveCfg = Release|Any CPU
		{1E8771FB-0AC9-47EA-908A-A033D270E44F}.Release|Any CPU.Build.0 = Release|Any CPU
	EndGlobalSection
	GlobalSection(SolutionProperties) = preSolution
		HideSolutionNode = FALSE
	EndGlobalSection
	GlobalSection(ExtensibilityGlobals) = postSolution
		SolutionGuid = {8757F045-6DA1-4A6D-9D58-DEB335498481}
	EndGlobalSection
EndGlobal
